// !$*UTF8*$!
{
	archiveVersion = 1;
	classes = {
	};
	objectVersion = 48;
	objects = {

/* Begin PBXBuildFile section */
		520910581FFDC36400D4A19C /* Beauty.jpeg in Resources */ = {isa = PBXBuildFile; fileRef = 520910571FFDC36400D4A19C /* Beauty.jpeg */; };
		522C2F532007668100E3E02A /* MainViewController.m in Sources */ = {isa = PBXBuildFile; fileRef = 522C2F522007668100E3E02A /* MainViewController.m */; };
		522C2F59200766A000E3E02A /* VideoProcessViewController.m in Sources */ = {isa = PBXBuildFile; fileRef = 522C2F58200766A000E3E02A /* VideoProcessViewController.m */; };
		522C2F5C200766AB00E3E02A /* ImageProcessViewController.m in Sources */ = {isa = PBXBuildFile; fileRef = 522C2F5B200766AB00E3E02A /* ImageProcessViewController.m */; };
		525B7F411FF3C66000A61160 /* SACContext.m in Sources */ = {isa = PBXBuildFile; fileRef = 525B7F401FF3C66000A61160 /* SACContext.m */; };
		525B7F441FF3CBB900A61160 /* SACFilter.m in Sources */ = {isa = PBXBuildFile; fileRef = 525B7F431FF3CBB900A61160 /* SACFilter.m */; };
		525B7F471FF3CF1100A61160 /* Origin.frag in Resources */ = {isa = PBXBuildFile; fileRef = 525B7F451FF3CF1100A61160 /* Origin.frag */; };
		525B7F481FF3CF1100A61160 /* Origin.vert in Resources */ = {isa = PBXBuildFile; fileRef = 525B7F461FF3CF1100A61160 /* Origin.vert */; };
		525B7F4E1FF5106500A61160 /* AntiColorFilter.m in Sources */ = {isa = PBXBuildFile; fileRef = 525B7F4D1FF5106500A61160 /* AntiColorFilter.m */; };
		526CDC5A1FF51505009A2853 /* GrayScaleFilter.m in Sources */ = {isa = PBXBuildFile; fileRef = 526CDC591FF51505009A2853 /* GrayScaleFilter.m */; };
		526FB4A220046904005A3A8A /* SobelFilter.m in Sources */ = {isa = PBXBuildFile; fileRef = 526FB4A120046904005A3A8A /* SobelFilter.m */; };
		526FB4A52004695D005A3A8A /* Sobel.frag in Resources */ = {isa = PBXBuildFile; fileRef = 526FB4A32004695D005A3A8A /* Sobel.frag */; };
		526FB4A62004695D005A3A8A /* Sobel.vert in Resources */ = {isa = PBXBuildFile; fileRef = 526FB4A42004695D005A3A8A /* Sobel.vert */; };
		52A170E11FE77DAF00E3FDA0 /* SACChainRender.m in Sources */ = {isa = PBXBuildFile; fileRef = 52A170E01FE77DAF00E3FDA0 /* SACChainRender.m */; };
		52E495E51FDE310A00BA069B /* GrayScale.vert in Resources */ = {isa = PBXBuildFile; fileRef = 52E495E31FDE310A00BA069B /* GrayScale.vert */; };
		52E495E61FDE310A00BA069B /* GrayScale.frag in Resources */ = {isa = PBXBuildFile; fileRef = 52E495E41FDE310A00BA069B /* GrayScale.frag */; };
		52E496091FDE9DC700BA069B /* IMG_0227.jpg in Resources */ = {isa = PBXBuildFile; fileRef = 52E496081FDE9DC700BA069B /* IMG_0227.jpg */; };
		52F0B8561FFDDD3A00428C11 /* SACShaderOperation.m in Sources */ = {isa = PBXBuildFile; fileRef = 52F0B8541FFDDD3900428C11 /* SACShaderOperation.m */; };
		52F96BC61FD8F71300928F1E /* AppDelegate.m in Sources */ = {isa = PBXBuildFile; fileRef = 52F96BC51FD8F71300928F1E /* AppDelegate.m */; };
		52F96BCC1FD8F71300928F1E /* Main.storyboard in Resources */ = {isa = PBXBuildFile; fileRef = 52F96BCA1FD8F71300928F1E /* Main.storyboard */; };
		52F96BCE1FD8F71300928F1E /* Assets.xcassets in Resources */ = {isa = PBXBuildFile; fileRef = 52F96BCD1FD8F71300928F1E /* Assets.xcassets */; };
		52F96BD11FD8F71300928F1E /* LaunchScreen.storyboard in Resources */ = {isa = PBXBuildFile; fileRef = 52F96BCF1FD8F71300928F1E /* LaunchScreen.storyboard */; };
		52F96BD41FD8F71300928F1E /* main.m in Sources */ = {isa = PBXBuildFile; fileRef = 52F96BD31FD8F71300928F1E /* main.m */; };
		766790761FF288F300C05E68 /* AntiColor.vert in Resources */ = {isa = PBXBuildFile; fileRef = 766790741FF288F200C05E68 /* AntiColor.vert */; };
		766790771FF288F300C05E68 /* AntiColor.frag in Resources */ = {isa = PBXBuildFile; fileRef = 766790751FF288F300C05E68 /* AntiColor.frag */; };
		768C81A51FF8943500B91065 /* SACMixer.m in Sources */ = {isa = PBXBuildFile; fileRef = 768C81A41FF8943500B91065 /* SACMixer.m */; };
		768C81A81FF8951100B91065 /* Mixer.frag in Resources */ = {isa = PBXBuildFile; fileRef = 768C81A61FF8951100B91065 /* Mixer.frag */; };
		768C81A91FF8951100B91065 /* Mixer.vert in Resources */ = {isa = PBXBuildFile; fileRef = 768C81A71FF8951100B91065 /* Mixer.vert */; };
/* End PBXBuildFile section */

/* Begin PBXFileReference section */
		520910571FFDC36400D4A19C /* Beauty.jpeg */ = {isa = PBXFileReference; lastKnownFileType = image.jpeg; path = Beauty.jpeg; sourceTree = "<group>"; };
		522C2F512007668100E3E02A /* MainViewController.h */ = {isa = PBXFileReference; lastKnownFileType = sourcecode.c.h; path = MainViewController.h; sourceTree = "<group>"; };
		522C2F522007668100E3E02A /* MainViewController.m */ = {isa = PBXFileReference; lastKnownFileType = sourcecode.c.objc; path = MainViewController.m; sourceTree = "<group>"; };
		522C2F57200766A000E3E02A /* VideoProcessViewController.h */ = {isa = PBXFileReference; lastKnownFileType = sourcecode.c.h; path = VideoProcessViewController.h; sourceTree = "<group>"; };
		522C2F58200766A000E3E02A /* VideoProcessViewController.m */ = {isa = PBXFileReference; lastKnownFileType = sourcecode.c.objc; path = VideoProcessViewController.m; sourceTree = "<group>"; };
		522C2F5A200766AB00E3E02A /* ImageProcessViewController.h */ = {isa = PBXFileReference; lastKnownFileType = sourcecode.c.h; path = ImageProcessViewController.h; sourceTree = "<group>"; };
		522C2F5B200766AB00E3E02A /* ImageProcessViewController.m */ = {isa = PBXFileReference; lastKnownFileType = sourcecode.c.objc; path = ImageProcessViewController.m; sourceTree = "<group>"; };
		525B7F3F1FF3C66000A61160 /* SACContext.h */ = {isa = PBXFileReference; fileEncoding = 4; lastKnownFileType = sourcecode.c.h; path = SACContext.h; sourceTree = "<group>"; };
		525B7F401FF3C66000A61160 /* SACContext.m */ = {isa = PBXFileReference; fileEncoding = 4; lastKnownFileType = sourcecode.c.objc; path = SACContext.m; sourceTree = "<group>"; };
		525B7F421FF3CBB900A61160 /* SACFilter.h */ = {isa = PBXFileReference; lastKnownFileType = sourcecode.c.h; path = SACFilter.h; sourceTree = "<group>"; };
		525B7F431FF3CBB900A61160 /* SACFilter.m */ = {isa = PBXFileReference; lastKnownFileType = sourcecode.c.objc; path = SACFilter.m; sourceTree = "<group>"; };
		525B7F451FF3CF1100A61160 /* Origin.frag */ = {isa = PBXFileReference; fileEncoding = 4; lastKnownFileType = sourcecode.glsl; path = Origin.frag; sourceTree = "<group>"; };
		525B7F461FF3CF1100A61160 /* Origin.vert */ = {isa = PBXFileReference; fileEncoding = 4; lastKnownFileType = sourcecode.glsl; path = Origin.vert; sourceTree = "<group>"; };
		525B7F4C1FF5106500A61160 /* AntiColorFilter.h */ = {isa = PBXFileReference; lastKnownFileType = sourcecode.c.h; path = AntiColorFilter.h; sourceTree = "<group>"; };
		525B7F4D1FF5106500A61160 /* AntiColorFilter.m */ = {isa = PBXFileReference; lastKnownFileType = sourcecode.c.objc; path = AntiColorFilter.m; sourceTree = "<group>"; };
		526CDC581FF51505009A2853 /* GrayScaleFilter.h */ = {isa = PBXFileReference; lastKnownFileType = sourcecode.c.h; path = GrayScaleFilter.h; sourceTree = "<group>"; };
		526CDC591FF51505009A2853 /* GrayScaleFilter.m */ = {isa = PBXFileReference; lastKnownFileType = sourcecode.c.objc; path = GrayScaleFilter.m; sourceTree = "<group>"; };
		526FB4A020046904005A3A8A /* SobelFilter.h */ = {isa = PBXFileReference; lastKnownFileType = sourcecode.c.h; path = SobelFilter.h; sourceTree = "<group>"; };
		526FB4A120046904005A3A8A /* SobelFilter.m */ = {isa = PBXFileReference; lastKnownFileType = sourcecode.c.objc; path = SobelFilter.m; sourceTree = "<group>"; };
		526FB4A32004695D005A3A8A /* Sobel.frag */ = {isa = PBXFileReference; fileEncoding = 4; lastKnownFileType = sourcecode.glsl; path = Sobel.frag; sourceTree = "<group>"; };
		526FB4A42004695D005A3A8A /* Sobel.vert */ = {isa = PBXFileReference; fileEncoding = 4; lastKnownFileType = sourcecode.glsl; path = Sobel.vert; sourceTree = "<group>"; };
		52A170DF1FE77DAF00E3FDA0 /* SACChainRender.h */ = {isa = PBXFileReference; lastKnownFileType = sourcecode.c.h; path = SACChainRender.h; sourceTree = "<group>"; };
		52A170E01FE77DAF00E3FDA0 /* SACChainRender.m */ = {isa = PBXFileReference; lastKnownFileType = sourcecode.c.objc; path = SACChainRender.m; sourceTree = "<group>"; };
		52E495E31FDE310A00BA069B /* GrayScale.vert */ = {isa = PBXFileReference; fileEncoding = 4; lastKnownFileType = sourcecode.glsl; path = GrayScale.vert; sourceTree = "<group>"; };
		52E495E41FDE310A00BA069B /* GrayScale.frag */ = {isa = PBXFileReference; fileEncoding = 4; lastKnownFileType = sourcecode.glsl; path = GrayScale.frag; sourceTree = "<group>"; };
		52E496081FDE9DC700BA069B /* IMG_0227.jpg */ = {isa = PBXFileReference; lastKnownFileType = image.jpeg; path = IMG_0227.jpg; sourceTree = "<group>"; };
		52F0B8541FFDDD3900428C11 /* SACShaderOperation.m */ = {isa = PBXFileReference; fileEncoding = 4; lastKnownFileType = sourcecode.c.objc; path = SACShaderOperation.m; sourceTree = "<group>"; };
		52F0B8551FFDDD3A00428C11 /* SACShaderOperation.h */ = {isa = PBXFileReference; fileEncoding = 4; lastKnownFileType = sourcecode.c.h; path = SACShaderOperation.h; sourceTree = "<group>"; };
		52F96BC11FD8F71300928F1E /* Selene.app */ = {isa = PBXFileReference; explicitFileType = wrapper.application; includeInIndex = 0; path = Selene.app; sourceTree = BUILT_PRODUCTS_DIR; };
		52F96BC41FD8F71300928F1E /* AppDelegate.h */ = {isa = PBXFileReference; lastKnownFileType = sourcecode.c.h; path = AppDelegate.h; sourceTree = "<group>"; };
		52F96BC51FD8F71300928F1E /* AppDelegate.m */ = {isa = PBXFileReference; lastKnownFileType = sourcecode.c.objc; path = AppDelegate.m; sourceTree = "<group>"; };
		52F96BCB1FD8F71300928F1E /* Base */ = {isa = PBXFileReference; lastKnownFileType = file.storyboard; name = Base; path = Base.lproj/Main.storyboard; sourceTree = "<group>"; };
		52F96BCD1FD8F71300928F1E /* Assets.xcassets */ = {isa = PBXFileReference; lastKnownFileType = folder.assetcatalog; path = Assets.xcassets; sourceTree = "<group>"; };
		52F96BD01FD8F71300928F1E /* Base */ = {isa = PBXFileReference; lastKnownFileType = file.storyboard; name = Base; path = Base.lproj/LaunchScreen.storyboard; sourceTree = "<group>"; };
		52F96BD21FD8F71300928F1E /* Info.plist */ = {isa = PBXFileReference; lastKnownFileType = text.plist.xml; path = Info.plist; sourceTree = "<group>"; };
		52F96BD31FD8F71300928F1E /* main.m */ = {isa = PBXFileReference; lastKnownFileType = sourcecode.c.objc; path = main.m; sourceTree = "<group>"; };
		766790741FF288F200C05E68 /* AntiColor.vert */ = {isa = PBXFileReference; fileEncoding = 4; lastKnownFileType = sourcecode.glsl; path = AntiColor.vert; sourceTree = "<group>"; };
		766790751FF288F300C05E68 /* AntiColor.frag */ = {isa = PBXFileReference; fileEncoding = 4; lastKnownFileType = sourcecode.glsl; path = AntiColor.frag; sourceTree = "<group>"; };
		768C81A31FF8943500B91065 /* SACMixer.h */ = {isa = PBXFileReference; lastKnownFileType = sourcecode.c.h; path = SACMixer.h; sourceTree = "<group>"; };
		768C81A41FF8943500B91065 /* SACMixer.m */ = {isa = PBXFileReference; lastKnownFileType = sourcecode.c.objc; path = SACMixer.m; sourceTree = "<group>"; };
		768C81A61FF8951100B91065 /* Mixer.frag */ = {isa = PBXFileReference; fileEncoding = 4; lastKnownFileType = sourcecode.glsl; path = Mixer.frag; sourceTree = "<group>"; };
		768C81A71FF8951100B91065 /* Mixer.vert */ = {isa = PBXFileReference; fileEncoding = 4; lastKnownFileType = sourcecode.glsl; path = Mixer.vert; sourceTree = "<group>"; };
/* End PBXFileReference section */

/* Begin PBXFrameworksBuildPhase section */
		52F96BBE1FD8F71300928F1E /* Frameworks */ = {
			isa = PBXFrameworksBuildPhase;
			buildActionMask = 2147483647;
			files = (
			);
			runOnlyForDeploymentPostprocessing = 0;
		};
/* End PBXFrameworksBuildPhase section */

/* Begin PBXGroup section */
		522C2F502007663E00E3E02A /* UI */ = {
			isa = PBXGroup;
			children = (
				522C2F512007668100E3E02A /* MainViewController.h */,
				522C2F522007668100E3E02A /* MainViewController.m */,
				522C2F57200766A000E3E02A /* VideoProcessViewController.h */,
				522C2F58200766A000E3E02A /* VideoProcessViewController.m */,
				522C2F5A200766AB00E3E02A /* ImageProcessViewController.h */,
				522C2F5B200766AB00E3E02A /* ImageProcessViewController.m */,
			);
			path = UI;
			sourceTree = "<group>";
		};
		525B7F491FF3CF3200A61160 /* Render */ = {
			isa = PBXGroup;
			children = (
				52A170DF1FE77DAF00E3FDA0 /* SACChainRender.h */,
				52A170E01FE77DAF00E3FDA0 /* SACChainRender.m */,
				768C81A31FF8943500B91065 /* SACMixer.h */,
				768C81A41FF8943500B91065 /* SACMixer.m */,
				525B7F3F1FF3C66000A61160 /* SACContext.h */,
				525B7F401FF3C66000A61160 /* SACContext.m */,
				52F0B8551FFDDD3A00428C11 /* SACShaderOperation.h */,
				52F0B8541FFDDD3900428C11 /* SACShaderOperation.m */,
			);
			path = Render;
			sourceTree = "<group>";
		};
		525B7F4A1FF3CF5300A61160 /* Resources */ = {
			isa = PBXGroup;
			children = (
				52E496081FDE9DC700BA069B /* IMG_0227.jpg */,
				520910571FFDC36400D4A19C /* Beauty.jpeg */,
			);
			path = Resources;
			sourceTree = "<group>";
		};
		525B7F4F1FF5106900A61160 /* Filters */ = {
			isa = PBXGroup;
			children = (
				525B7F421FF3CBB900A61160 /* SACFilter.h */,
				525B7F431FF3CBB900A61160 /* SACFilter.m */,
				525B7F4C1FF5106500A61160 /* AntiColorFilter.h */,
				525B7F4D1FF5106500A61160 /* AntiColorFilter.m */,
				526CDC581FF51505009A2853 /* GrayScaleFilter.h */,
				526CDC591FF51505009A2853 /* GrayScaleFilter.m */,
				526FB4A020046904005A3A8A /* SobelFilter.h */,
				526FB4A120046904005A3A8A /* SobelFilter.m */,
			);
			path = Filters;
			sourceTree = "<group>";
		};
		52E495E71FDE310C00BA069B /* Shader */ = {
			isa = PBXGroup;
			children = (
				766790751FF288F300C05E68 /* AntiColor.frag */,
				766790741FF288F200C05E68 /* AntiColor.vert */,
				52E495E41FDE310A00BA069B /* GrayScale.frag */,
				52E495E31FDE310A00BA069B /* GrayScale.vert */,
				525B7F451FF3CF1100A61160 /* Origin.frag */,
				525B7F461FF3CF1100A61160 /* Origin.vert */,
				768C81A61FF8951100B91065 /* Mixer.frag */,
				768C81A71FF8951100B91065 /* Mixer.vert */,
				526FB4A32004695D005A3A8A /* Sobel.frag */,
				526FB4A42004695D005A3A8A /* Sobel.vert */,
			);
			path = Shader;
			sourceTree = "<group>";
		};
		52F96BB81FD8F71300928F1E = {
			isa = PBXGroup;
			children = (
				52F96BC31FD8F71300928F1E /* Selene */,
				52F96BC21FD8F71300928F1E /* Products */,
			);
			sourceTree = "<group>";
		};
		52F96BC21FD8F71300928F1E /* Products */ = {
			isa = PBXGroup;
			children = (
				52F96BC11FD8F71300928F1E /* Selene.app */,
			);
			name = Products;
			sourceTree = "<group>";
		};
		52F96BC31FD8F71300928F1E /* Selene */ = {
			isa = PBXGroup;
			children = (
				525B7F4A1FF3CF5300A61160 /* Resources */,
				52E495E71FDE310C00BA069B /* Shader */,
				525B7F491FF3CF3200A61160 /* Render */,
				525B7F4F1FF5106900A61160 /* Filters */,
				522C2F502007663E00E3E02A /* UI */,
				52F96BC41FD8F71300928F1E /* AppDelegate.h */,
				52F96BC51FD8F71300928F1E /* AppDelegate.m */,
				52F96BCA1FD8F71300928F1E /* Main.storyboard */,
				52F96BCD1FD8F71300928F1E /* Assets.xcassets */,
				52F96BCF1FD8F71300928F1E /* LaunchScreen.storyboard */,
				52F96BD21FD8F71300928F1E /* Info.plist */,
				52F96BD31FD8F71300928F1E /* main.m */,
			);
			path = Selene;
			sourceTree = "<group>";
		};
/* End PBXGroup section */

/* Begin PBXNativeTarget section */
		52F96BC01FD8F71300928F1E /* Selene */ = {
			isa = PBXNativeTarget;
			buildConfigurationList = 52F96BD71FD8F71300928F1E /* Build configuration list for PBXNativeTarget "Selene" */;
			buildPhases = (
				52F96BBD1FD8F71300928F1E /* Sources */,
				52F96BBE1FD8F71300928F1E /* Frameworks */,
				52F96BBF1FD8F71300928F1E /* Resources */,
			);
			buildRules = (
			);
			dependencies = (
			);
			name = Selene;
			productName = Selene;
			productReference = 52F96BC11FD8F71300928F1E /* Selene.app */;
			productType = "com.apple.product-type.application";
		};
/* End PBXNativeTarget section */

/* Begin PBXProject section */
		52F96BB91FD8F71300928F1E /* Project object */ = {
			isa = PBXProject;
			attributes = {
				LastUpgradeCheck = 0920;
				ORGANIZATIONNAME = Theresa;
				TargetAttributes = {
					52F96BC01FD8F71300928F1E = {
						CreatedOnToolsVersion = 9.2;
						ProvisioningStyle = Automatic;
					};
				};
			};
			buildConfigurationList = 52F96BBC1FD8F71300928F1E /* Build configuration list for PBXProject "Selene" */;
			compatibilityVersion = "Xcode 8.0";
			developmentRegion = en;
			hasScannedForEncodings = 0;
			knownRegions = (
				en,
				Base,
			);
			mainGroup = 52F96BB81FD8F71300928F1E;
			productRefGroup = 52F96BC21FD8F71300928F1E /* Products */;
			projectDirPath = "";
			projectRoot = "";
			targets = (
				52F96BC01FD8F71300928F1E /* Selene */,
			);
		};
/* End PBXProject section */

/* Begin PBXResourcesBuildPhase section */
		52F96BBF1FD8F71300928F1E /* Resources */ = {
			isa = PBXResourcesBuildPhase;
			buildActionMask = 2147483647;
			files = (
				525B7F481FF3CF1100A61160 /* Origin.vert in Resources */,
				520910581FFDC36400D4A19C /* Beauty.jpeg in Resources */,
				52F96BD11FD8F71300928F1E /* LaunchScreen.storyboard in Resources */,
				768C81A91FF8951100B91065 /* Mixer.vert in Resources */,
				525B7F471FF3CF1100A61160 /* Origin.frag in Resources */,
				766790771FF288F300C05E68 /* AntiColor.frag in Resources */,
				52F96BCE1FD8F71300928F1E /* Assets.xcassets in Resources */,
				52E495E51FDE310A00BA069B /* GrayScale.vert in Resources */,
				768C81A81FF8951100B91065 /* Mixer.frag in Resources */,
				52E495E61FDE310A00BA069B /* GrayScale.frag in Resources */,
				766790761FF288F300C05E68 /* AntiColor.vert in Resources */,
				526FB4A52004695D005A3A8A /* Sobel.frag in Resources */,
				52E496091FDE9DC700BA069B /* IMG_0227.jpg in Resources */,
				52F96BCC1FD8F71300928F1E /* Main.storyboard in Resources */,
				526FB4A62004695D005A3A8A /* Sobel.vert in Resources */,
			);
			runOnlyForDeploymentPostprocessing = 0;
		};
/* End PBXResourcesBuildPhase section */

/* Begin PBXSourcesBuildPhase section */
		52F96BBD1FD8F71300928F1E /* Sources */ = {
			isa = PBXSourcesBuildPhase;
			buildActionMask = 2147483647;
			files = (
				526CDC5A1FF51505009A2853 /* GrayScaleFilter.m in Sources */,
				525B7F411FF3C66000A61160 /* SACContext.m in Sources */,
				526FB4A220046904005A3A8A /* SobelFilter.m in Sources */,
				52F96BD41FD8F71300928F1E /* main.m in Sources */,
				52F0B8561FFDDD3A00428C11 /* SACShaderOperation.m in Sources */,
				52F96BC61FD8F71300928F1E /* AppDelegate.m in Sources */,
				522C2F59200766A000E3E02A /* VideoProcessViewController.m in Sources */,
				522C2F5C200766AB00E3E02A /* ImageProcessViewController.m in Sources */,
				522C2F532007668100E3E02A /* MainViewController.m in Sources */,
				525B7F4E1FF5106500A61160 /* AntiColorFilter.m in Sources */,
				525B7F441FF3CBB900A61160 /* SACFilter.m in Sources */,
				52A170E11FE77DAF00E3FDA0 /* SACChainRender.m in Sources */,
				768C81A51FF8943500B91065 /* SACMixer.m in Sources */,
			);
			runOnlyForDeploymentPostprocessing = 0;
		};
/* End PBXSourcesBuildPhase section */

/* Begin PBXVariantGroup section */
		52F96BCA1FD8F71300928F1E /* Main.storyboard */ = {
			isa = PBXVariantGroup;
			children = (
				52F96BCB1FD8F71300928F1E /* Base */,
			);
			name = Main.storyboard;
			sourceTree = "<group>";
		};
		52F96BCF1FD8F71300928F1E /* LaunchScreen.storyboard */ = {
			isa = PBXVariantGroup;
			children = (
				52F96BD01FD8F71300928F1E /* Base */,
			);
			name = LaunchScreen.storyboard;
			sourceTree = "<group>";
		};
/* End PBXVariantGroup section */

/* Begin XCBuildConfiguration section */
		52F96BD51FD8F71300928F1E /* Debug */ = {
			isa = XCBuildConfiguration;
			buildSettings = {
				ALWAYS_SEARCH_USER_PATHS = NO;
				CLANG_ANALYZER_NONNULL = YES;
				CLANG_ANALYZER_NUMBER_OBJECT_CONVERSION = YES_AGGRESSIVE;
				CLANG_CXX_LANGUAGE_STANDARD = "gnu++14";
				CLANG_CXX_LIBRARY = "libc++";
				CLANG_ENABLE_MODULES = YES;
				CLANG_ENABLE_OBJC_ARC = YES;
				CLANG_WARN_BLOCK_CAPTURE_AUTORELEASING = YES;
				CLANG_WARN_BOOL_CONVERSION = YES;
				CLANG_WARN_COMMA = YES;
				CLANG_WARN_CONSTANT_CONVERSION = YES;
				CLANG_WARN_DIRECT_OBJC_ISA_USAGE = YES_ERROR;
				CLANG_WARN_DOCUMENTATION_COMMENTS = YES;
				CLANG_WARN_EMPTY_BODY = YES;
				CLANG_WARN_ENUM_CONVERSION = YES;
				CLANG_WARN_INFINITE_RECURSION = YES;
				CLANG_WARN_INT_CONVERSION = YES;
				CLANG_WARN_NON_LITERAL_NULL_CONVERSION = YES;
				CLANG_WARN_OBJC_LITERAL_CONVERSION = YES;
				CLANG_WARN_OBJC_ROOT_CLASS = YES_ERROR;
				CLANG_WARN_RANGE_LOOP_ANALYSIS = YES;
				CLANG_WARN_STRICT_PROTOTYPES = YES;
				CLANG_WARN_SUSPICIOUS_MOVE = YES;
				CLANG_WARN_UNGUARDED_AVAILABILITY = YES_AGGRESSIVE;
				CLANG_WARN_UNREACHABLE_CODE = YES;
				CLANG_WARN__DUPLICATE_METHOD_MATCH = YES;
				CODE_SIGN_IDENTITY = "iPhone Developer";
				COPY_PHASE_STRIP = NO;
				DEBUG_INFORMATION_FORMAT = dwarf;
				ENABLE_STRICT_OBJC_MSGSEND = YES;
				ENABLE_TESTABILITY = YES;
				GCC_C_LANGUAGE_STANDARD = gnu11;
				GCC_DYNAMIC_NO_PIC = NO;
				GCC_NO_COMMON_BLOCKS = YES;
				GCC_OPTIMIZATION_LEVEL = 0;
				GCC_PREPROCESSOR_DEFINITIONS = (
					"DEBUG=1",
					"$(inherited)",
				);
				GCC_WARN_64_TO_32_BIT_CONVERSION = YES;
				GCC_WARN_ABOUT_RETURN_TYPE = YES_ERROR;
				GCC_WARN_UNDECLARED_SELECTOR = YES;
				GCC_WARN_UNINITIALIZED_AUTOS = YES_AGGRESSIVE;
				GCC_WARN_UNUSED_FUNCTION = YES;
				GCC_WARN_UNUSED_VARIABLE = YES;
				IPHONEOS_DEPLOYMENT_TARGET = 11.2;
				MTL_ENABLE_DEBUG_INFO = YES;
				ONLY_ACTIVE_ARCH = YES;
				SDKROOT = iphoneos;
			};
			name = Debug;
		};
		52F96BD61FD8F71300928F1E /* Release */ = {
			isa = XCBuildConfiguration;
			buildSettings = {
				ALWAYS_SEARCH_USER_PATHS = NO;
				CLANG_ANALYZER_NONNULL = YES;
				CLANG_ANALYZER_NUMBER_OBJECT_CONVERSION = YES_AGGRESSIVE;
				CLANG_CXX_LANGUAGE_STANDARD = "gnu++14";
				CLANG_CXX_LIBRARY = "libc++";
				CLANG_ENABLE_MODULES = YES;
				CLANG_ENABLE_OBJC_ARC = YES;
				CLANG_WARN_BLOCK_CAPTURE_AUTORELEASING = YES;
				CLANG_WARN_BOOL_CONVERSION = YES;
				CLANG_WARN_COMMA = YES;
				CLANG_WARN_CONSTANT_CONVERSION = YES;
				CLANG_WARN_DIRECT_OBJC_ISA_USAGE = YES_ERROR;
				CLANG_WARN_DOCUMENTATION_COMMENTS = YES;
				CLANG_WARN_EMPTY_BODY = YES;
				CLANG_WARN_ENUM_CONVERSION = YES;
				CLANG_WARN_INFINITE_RECURSION = YES;
				CLANG_WARN_INT_CONVERSION = YES;
				CLANG_WARN_NON_LITERAL_NULL_CONVERSION = YES;
				CLANG_WARN_OBJC_LITERAL_CONVERSION = YES;
				CLANG_WARN_OBJC_ROOT_CLASS = YES_ERROR;
				CLANG_WARN_RANGE_LOOP_ANALYSIS = YES;
				CLANG_WARN_STRICT_PROTOTYPES = YES;
				CLANG_WARN_SUSPICIOUS_MOVE = YES;
				CLANG_WARN_UNGUARDED_AVAILABILITY = YES_AGGRESSIVE;
				CLANG_WARN_UNREACHABLE_CODE = YES;
				CLANG_WARN__DUPLICATE_METHOD_MATCH = YES;
				CODE_SIGN_IDENTITY = "iPhone Developer";
				COPY_PHASE_STRIP = NO;
				DEBUG_INFORMATION_FORMAT = "dwarf-with-dsym";
				ENABLE_NS_ASSERTIONS = NO;
				ENABLE_STRICT_OBJC_MSGSEND = YES;
				GCC_C_LANGUAGE_STANDARD = gnu11;
				GCC_NO_COMMON_BLOCKS = YES;
				GCC_WARN_64_TO_32_BIT_CONVERSION = YES;
				GCC_WARN_ABOUT_RETURN_TYPE = YES_ERROR;
				GCC_WARN_UNDECLARED_SELECTOR = YES;
				GCC_WARN_UNINITIALIZED_AUTOS = YES_AGGRESSIVE;
				GCC_WARN_UNUSED_FUNCTION = YES;
				GCC_WARN_UNUSED_VARIABLE = YES;
				IPHONEOS_DEPLOYMENT_TARGET = 11.2;
				MTL_ENABLE_DEBUG_INFO = NO;
				SDKROOT = iphoneos;
				VALIDATE_PRODUCT = YES;
			};
			name = Release;
		};
		52F96BD81FD8F71300928F1E /* Debug */ = {
			isa = XCBuildConfiguration;
			buildSettings = {
				ASSETCATALOG_COMPILER_APPICON_NAME = AppIcon;
				CODE_SIGN_STYLE = Automatic;
				DEVELOPMENT_TEAM = RJX3H8KBAF;
				INFOPLIST_FILE = Selene/Info.plist;
				LD_RUNPATH_SEARCH_PATHS = "$(inherited) @executable_path/Frameworks";
				PRODUCT_BUNDLE_IDENTIFIER = com.Theresa.Selene;
				PRODUCT_NAME = "$(TARGET_NAME)";
				TARGETED_DEVICE_FAMILY = "1,2";
			};
			name = Debug;
		};
		52F96BD91FD8F71300928F1E /* Release */ = {
			isa = XCBuildConfiguration;
			buildSettings = {
				ASSETCATALOG_COMPILER_APPICON_NAME = AppIcon;
				CODE_SIGN_STYLE = Automatic;
				DEVELOPMENT_TEAM = RJX3H8KBAF;
				INFOPLIST_FILE = Selene/Info.plist;
				LD_RUNPATH_SEARCH_PATHS = "$(inherited) @executable_path/Frameworks";
				PRODUCT_BUNDLE_IDENTIFIER = com.Theresa.Selene;
				PRODUCT_NAME = "$(TARGET_NAME)";
				TARGETED_DEVICE_FAMILY = "1,2";
			};
			name = Release;
		};
/* End XCBuildConfiguration section */

/* Begin XCConfigurationList section */
		52F96BBC1FD8F71300928F1E /* Build configuration list for PBXProject "Selene" */ = {
			isa = XCConfigurationList;
			buildConfigurations = (
				52F96BD51FD8F71300928F1E /* Debug */,
				52F96BD61FD8F71300928F1E /* Release */,
			);
			defaultConfigurationIsVisible = 0;
			defaultConfigurationName = Release;
		};
		52F96BD71FD8F71300928F1E /* Build configuration list for PBXNativeTarget "Selene" */ = {
			isa = XCConfigurationList;
			buildConfigurations = (
				52F96BD81FD8F71300928F1E /* Debug */,
				52F96BD91FD8F71300928F1E /* Release */,
			);
			defaultConfigurationIsVisible = 0;
			defaultConfigurationName = Release;
		};
/* End XCConfigurationList section */
	};
	rootObject = 52F96BB91FD8F71300928F1E /* Project object */;
}
